
Microsoft Visual Studio Solution File, Format Version 12.00
# Visual Studio Version 17
VisualStudioVersion = 17.0.31903.59
MinimumVisualStudioVersion = 10.0.40219.1
Project("{2150E333-8FDC-42A3-9474-1A3956D46DE8}") = "src", "src", "{CBED1DB5-DFAF-48AE-827F-A768767BEADE}"
EndProject
Project("{9A19103F-16F7-4668-BE54-9A1E7A4F7556}") = "Domain", "src\Domain\Domain.csproj", "{B2138613-0E78-4E97-A363-48684D677B24}"
EndProject
Project("{9A19103F-16F7-4668-BE54-9A1E7A4F7556}") = "Application", "src\Application\Application.csproj", "{F3B8DB8F-391E-4808-A85C-F89101CCE5B3}"
EndProject
Project("{9A19103F-16F7-4668-BE54-9A1E7A4F7556}") = "Infrastructure", "src\Infrastructure\Infrastructure.csproj", "{C2C67D83-B5DA-4920-8E74-716FB48BD46E}"
EndProject
Project("{9A19103F-16F7-4668-BE54-9A1E7A4F7556}") = "WebApp", "src\WebApp\WebApp\WebApp.csproj", "{431BD02F-2D57-4C93-A50C-1C4619158A2A}"
	ProjectSection(ProjectDependencies) = postProject
		{C2C67D83-B5DA-4920-8E74-716FB48BD46E} = {C2C67D83-B5DA-4920-8E74-716FB48BD46E}
		{F3B8DB8F-391E-4808-A85C-F89101CCE5B3} = {F3B8DB8F-391E-4808-A85C-F89101CCE5B3}
	EndProjectSection
EndProject
Project("{9A19103F-16F7-4668-BE54-9A1E7A4F7556}") = "WebApp.Client", "src\WebApp\WebApp.Client\WebApp.Client.csproj", "{36E7940D-3C66-443A-8CAB-EC50F1ECA171}"
EndProject
Project("{9A19103F-16F7-4668-BE54-9A1E7A4F7556}") = "API.Server", "src\API.Server\API.Server.csproj", "{42578631-DC72-4F2A-880C-E0BFF27B15A7}"
EndProject
Project("{9A19103F-16F7-4668-BE54-9A1E7A4F7556}") = "API.Client", "src\API.Client\API.Client.csproj", "{8C690E68-1F2A-4639-9F7D-3F630DA38EFD}"
EndProject
Global
	GlobalSection(SolutionConfigurationPlatforms) = preSolution
		Debug|Any CPU = Debug|Any CPU
		Release|Any CPU = Release|Any CPU
	EndGlobalSection
	GlobalSection(ProjectConfigurationPlatforms) = postSolution
		{B2138613-0E78-4E97-A363-48684D677B24}.Debug|Any CPU.ActiveCfg = Debug|Any CPU
		{B2138613-0E78-4E97-A363-48684D677B24}.Debug|Any CPU.Build.0 = Debug|Any CPU
		{B2138613-0E78-4E97-A363-48684D677B24}.Release|Any CPU.ActiveCfg = Release|Any CPU
		{B2138613-0E78-4E97-A363-48684D677B24}.Release|Any CPU.Build.0 = Release|Any CPU
		{F3B8DB8F-391E-4808-A85C-F89101CCE5B3}.Debug|Any CPU.ActiveCfg = Debug|Any CPU
		{F3B8DB8F-391E-4808-A85C-F89101CCE5B3}.Debug|Any CPU.Build.0 = Debug|Any CPU
		{F3B8DB8F-391E-4808-A85C-F89101CCE5B3}.Release|Any CPU.ActiveCfg = Release|Any CPU
		{F3B8DB8F-391E-4808-A85C-F89101CCE5B3}.Release|Any CPU.Build.0 = Release|Any CPU
		{C2C67D83-B5DA-4920-8E74-716FB48BD46E}.Debug|Any CPU.ActiveCfg = Debug|Any CPU
		{C2C67D83-B5DA-4920-8E74-716FB48BD46E}.Debug|Any CPU.Build.0 = Debug|Any CPU
		{C2C67D83-B5DA-4920-8E74-716FB48BD46E}.Release|Any CPU.ActiveCfg = Release|Any CPU
		{C2C67D83-B5DA-4920-8E74-716FB48BD46E}.Release|Any CPU.Build.0 = Release|Any CPU
		{431BD02F-2D57-4C93-A50C-1C4619158A2A}.Debug|Any CPU.ActiveCfg = Debug|Any CPU
		{431BD02F-2D57-4C93-A50C-1C4619158A2A}.Debug|Any CPU.Build.0 = Debug|Any CPU
		{431BD02F-2D57-4C93-A50C-1C4619158A2A}.Release|Any CPU.ActiveCfg = Release|Any CPU
		{431BD02F-2D57-4C93-A50C-1C4619158A2A}.Release|Any CPU.Build.0 = Release|Any CPU
		{36E7940D-3C66-443A-8CAB-EC50F1ECA171}.Debug|Any CPU.ActiveCfg = Debug|Any CPU
		{36E7940D-3C66-443A-8CAB-EC50F1ECA171}.Debug|Any CPU.Build.0 = Debug|Any CPU
		{36E7940D-3C66-443A-8CAB-EC50F1ECA171}.Release|Any CPU.ActiveCfg = Release|Any CPU
		{36E7940D-3C66-443A-8CAB-EC50F1ECA171}.Release|Any CPU.Build.0 = Release|Any CPU
		{42578631-DC72-4F2A-880C-E0BFF27B15A7}.Debug|Any CPU.ActiveCfg = Debug|Any CPU
		{42578631-DC72-4F2A-880C-E0BFF27B15A7}.Debug|Any CPU.Build.0 = Debug|Any CPU
		{42578631-DC72-4F2A-880C-E0BFF27B15A7}.Release|Any CPU.ActiveCfg = Release|Any CPU
		{42578631-DC72-4F2A-880C-E0BFF27B15A7}.Release|Any CPU.Build.0 = Release|Any CPU
		{8C690E68-1F2A-4639-9F7D-3F630DA38EFD}.Debug|Any CPU.ActiveCfg = Debug|Any CPU
		{8C690E68-1F2A-4639-9F7D-3F630DA38EFD}.Debug|Any CPU.Build.0 = Debug|Any CPU
		{8C690E68-1F2A-4639-9F7D-3F630DA38EFD}.Release|Any CPU.ActiveCfg = Release|Any CPU
		{8C690E68-1F2A-4639-9F7D-3F630DA38EFD}.Release|Any CPU.Build.0 = Release|Any CPU
	EndGlobalSection
	GlobalSection(SolutionProperties) = preSolution
		HideSolutionNode = FALSE
	EndGlobalSection
	GlobalSection(NestedProjects) = preSolution
		{B2138613-0E78-4E97-A363-48684D677B24} = {CBED1DB5-DFAF-48AE-827F-A768767BEADE}
		{F3B8DB8F-391E-4808-A85C-F89101CCE5B3} = {CBED1DB5-DFAF-48AE-827F-A768767BEADE}
		{C2C67D83-B5DA-4920-8E74-716FB48BD46E} = {CBED1DB5-DFAF-48AE-827F-A768767BEADE}
		{431BD02F-2D57-4C93-A50C-1C4619158A2A} = {CBED1DB5-DFAF-48AE-827F-A768767BEADE}
		{36E7940D-3C66-443A-8CAB-EC50F1ECA171} = {CBED1DB5-DFAF-48AE-827F-A768767BEADE}
		{42578631-DC72-4F2A-880C-E0BFF27B15A7} = {CBED1DB5-DFAF-48AE-827F-A768767BEADE}
		{8C690E68-1F2A-4639-9F7D-3F630DA38EFD} = {CBED1DB5-DFAF-48AE-827F-A768767BEADE}
	EndGlobalSection
	GlobalSection(ExtensibilityGlobals) = postSolution
		SolutionGuid = {E56CAE7E-9005-456C-A550-5E82C152A0A2}
	EndGlobalSection
EndGlobal
